
Microsoft Visual Studio Solution File, Format Version 12.00
# Visual Studio 15
VisualStudioVersion = 15.0.28010.2003
MinimumVisualStudioVersion = 10.0.40219.1
Project("{FAE04EC0-301F-11D3-BF4B-00C04F79EFBC}") = "Entidades", "Entidades\Entidades.csproj", "{1CF88BCC-6A0D-4DC6-8DC9-4AABCBC45DEF}"
EndProject
Project("{FAE04EC0-301F-11D3-BF4B-00C04F79EFBC}") = "MainCorreo", "MainCorreo\MainCorreo.csproj", "{0340626D-9B7E-4ED0-A212-CF3FA0DFD984}"
EndProject
Project("{FAE04EC0-301F-11D3-BF4B-00C04F79EFBC}") = "TestUnitarios", "TestUnitarios\TestUnitarios.csproj", "{D8BE4438-7A31-4174-AEB2-1E779DBA9C7D}"
EndProject
Global
	GlobalSection(SolutionConfigurationPlatforms) = preSolution
		Debug|Any CPU = Debug|Any CPU
		Release|Any CPU = Release|Any CPU
	EndGlobalSection
	GlobalSection(ProjectConfigurationPlatforms) = postSolution
		{1CF88BCC-6A0D-4DC6-8DC9-4AABCBC45DEF}.Debug|Any CPU.ActiveCfg = Debug|Any CPU
		{1CF88BCC-6A0D-4DC6-8DC9-4AABCBC45DEF}.Debug|Any CPU.Build.0 = Debug|Any CPU
		{1CF88BCC-6A0D-4DC6-8DC9-4AABCBC45DEF}.Release|Any CPU.ActiveCfg = Release|Any CPU
		{1CF88BCC-6A0D-4DC6-8DC9-4AABCBC45DEF}.Release|Any CPU.Build.0 = Release|Any CPU
		{0340626D-9B7E-4ED0-A212-CF3FA0DFD984}.Debug|Any CPU.ActiveCfg = Debug|Any CPU
		{0340626D-9B7E-4ED0-A212-CF3FA0DFD984}.Debug|Any CPU.Build.0 = Debug|Any CPU
		{0340626D-9B7E-4ED0-A212-CF3FA0DFD984}.Release|Any CPU.ActiveCfg = Release|Any CPU
		{0340626D-9B7E-4ED0-A212-CF3FA0DFD984}.Release|Any CPU.Build.0 = Release|Any CPU
		{D8BE4438-7A31-4174-AEB2-1E779DBA9C7D}.Debug|Any CPU.ActiveCfg = Debug|Any CPU
		{D8BE4438-7A31-4174-AEB2-1E779DBA9C7D}.Debug|Any CPU.Build.0 = Debug|Any CPU
		{D8BE4438-7A31-4174-AEB2-1E779DBA9C7D}.Release|Any CPU.ActiveCfg = Release|Any CPU
		{D8BE4438-7A31-4174-AEB2-1E779DBA9C7D}.Release|Any CPU.Build.0 = Release|Any CPU
	EndGlobalSection
	GlobalSection(SolutionProperties) = preSolution
		HideSolutionNode = FALSE
	EndGlobalSection
	GlobalSection(ExtensibilityGlobals) = postSolution
		SolutionGuid = {80E78C1E-EBBA-40CD-B42F-757B4D9280A0}
	EndGlobalSection
EndGlobal
