
Microsoft Visual Studio Solution File, Format Version 12.00
# Visual Studio 15
VisualStudioVersion = 15.0.28010.2003
MinimumVisualStudioVersion = 10.0.40219.1
Project("{FAE04EC0-301F-11D3-BF4B-00C04F79EFBC}") = "Main", "Main\Main.csproj", "{9339EB18-6465-4161-ADAE-26154E876B1D}"
EndProject
Project("{FAE04EC0-301F-11D3-BF4B-00C04F79EFBC}") = "EntidadesAbstractas", "EntidadesAbstractas\EntidadesAbstractas.csproj", "{6386F111-50BE-4FC3-8276-A4EA75FF5E4A}"
EndProject
Project("{FAE04EC0-301F-11D3-BF4B-00C04F79EFBC}") = "EntidadesInstanciables", "EntidadesInstanciables\EntidadesInstanciables.csproj", "{422651F6-DBE7-4688-A70C-82BAA636B2E3}"
EndProject
Project("{FAE04EC0-301F-11D3-BF4B-00C04F79EFBC}") = "Archivos", "Archivos\Archivos.csproj", "{F5B675C6-9444-4C42-9AB0-843322B98BE0}"
EndProject
Project("{FAE04EC0-301F-11D3-BF4B-00C04F79EFBC}") = "Excepciones", "Excepciones\Excepciones.csproj", "{B043F772-CAE8-4694-9FDA-E0666B667ECA}"
EndProject
Project("{FAE04EC0-301F-11D3-BF4B-00C04F79EFBC}") = "TestsUnitarios", "TestsUnitarios\TestsUnitarios.csproj", "{3F187512-A4BA-41AA-83E8-DFF04829E89C}"
EndProject
Global
	GlobalSection(SolutionConfigurationPlatforms) = preSolution
		Debug|Any CPU = Debug|Any CPU
		Release|Any CPU = Release|Any CPU
	EndGlobalSection
	GlobalSection(ProjectConfigurationPlatforms) = postSolution
		{9339EB18-6465-4161-ADAE-26154E876B1D}.Debug|Any CPU.ActiveCfg = Debug|Any CPU
		{9339EB18-6465-4161-ADAE-26154E876B1D}.Debug|Any CPU.Build.0 = Debug|Any CPU
		{9339EB18-6465-4161-ADAE-26154E876B1D}.Release|Any CPU.ActiveCfg = Release|Any CPU
		{9339EB18-6465-4161-ADAE-26154E876B1D}.Release|Any CPU.Build.0 = Release|Any CPU
		{6386F111-50BE-4FC3-8276-A4EA75FF5E4A}.Debug|Any CPU.ActiveCfg = Debug|Any CPU
		{6386F111-50BE-4FC3-8276-A4EA75FF5E4A}.Debug|Any CPU.Build.0 = Debug|Any CPU
		{6386F111-50BE-4FC3-8276-A4EA75FF5E4A}.Release|Any CPU.ActiveCfg = Release|Any CPU
		{6386F111-50BE-4FC3-8276-A4EA75FF5E4A}.Release|Any CPU.Build.0 = Release|Any CPU
		{422651F6-DBE7-4688-A70C-82BAA636B2E3}.Debug|Any CPU.ActiveCfg = Debug|Any CPU
		{422651F6-DBE7-4688-A70C-82BAA636B2E3}.Debug|Any CPU.Build.0 = Debug|Any CPU
		{422651F6-DBE7-4688-A70C-82BAA636B2E3}.Release|Any CPU.ActiveCfg = Release|Any CPU
		{422651F6-DBE7-4688-A70C-82BAA636B2E3}.Release|Any CPU.Build.0 = Release|Any CPU
		{F5B675C6-9444-4C42-9AB0-843322B98BE0}.Debug|Any CPU.ActiveCfg = Debug|Any CPU
		{F5B675C6-9444-4C42-9AB0-843322B98BE0}.Debug|Any CPU.Build.0 = Debug|Any CPU
		{F5B675C6-9444-4C42-9AB0-843322B98BE0}.Release|Any CPU.ActiveCfg = Release|Any CPU
		{F5B675C6-9444-4C42-9AB0-843322B98BE0}.Release|Any CPU.Build.0 = Release|Any CPU
		{B043F772-CAE8-4694-9FDA-E0666B667ECA}.Debug|Any CPU.ActiveCfg = Debug|Any CPU
		{B043F772-CAE8-4694-9FDA-E0666B667ECA}.Debug|Any CPU.Build.0 = Debug|Any CPU
		{B043F772-CAE8-4694-9FDA-E0666B667ECA}.Release|Any CPU.ActiveCfg = Release|Any CPU
		{B043F772-CAE8-4694-9FDA-E0666B667ECA}.Release|Any CPU.Build.0 = Release|Any CPU
		{3F187512-A4BA-41AA-83E8-DFF04829E89C}.Debug|Any CPU.ActiveCfg = Debug|Any CPU
		{3F187512-A4BA-41AA-83E8-DFF04829E89C}.Debug|Any CPU.Build.0 = Debug|Any CPU
		{3F187512-A4BA-41AA-83E8-DFF04829E89C}.Release|Any CPU.ActiveCfg = Release|Any CPU
		{3F187512-A4BA-41AA-83E8-DFF04829E89C}.Release|Any CPU.Build.0 = Release|Any CPU
	EndGlobalSection
	GlobalSection(SolutionProperties) = preSolution
		HideSolutionNode = FALSE
	EndGlobalSection
	GlobalSection(ExtensibilityGlobals) = postSolution
		SolutionGuid = {A63889C5-F46C-4FDC-9140-DB2466115750}
	EndGlobalSection
EndGlobal
